
Microsoft Visual Studio Solution File, Format Version 12.00
# Visual Studio Version 16
VisualStudioVersion = 16.0.31105.61
MinimumVisualStudioVersion = 10.0.40219.1
Project("{FAE04EC0-301F-11D3-BF4B-00C04F79EFBC}") = "VesteBem", "VesteBem\VesteBem.csproj", "{C6F0F084-FE47-40C6-83C9-E1DC0C2701B8}"
EndProject
Project("{FAE04EC0-301F-11D3-BF4B-00C04F79EFBC}") = "VesteBem_Admin", "VesteBem_Admin\VesteBem_Admin.csproj", "{F9BD310F-CA85-47CC-A98A-BEF3699BED38}"
EndProject
Global
	GlobalSection(SolutionConfigurationPlatforms) = preSolution
		Debug|Any CPU = Debug|Any CPU
		Release|Any CPU = Release|Any CPU
	EndGlobalSection
	GlobalSection(ProjectConfigurationPlatforms) = postSolution
		{C6F0F084-FE47-40C6-83C9-E1DC0C2701B8}.Debug|Any CPU.ActiveCfg = Debug|Any CPU
		{C6F0F084-FE47-40C6-83C9-E1DC0C2701B8}.Debug|Any CPU.Build.0 = Debug|Any CPU
		{C6F0F084-FE47-40C6-83C9-E1DC0C2701B8}.Release|Any CPU.ActiveCfg = Release|Any CPU
		{C6F0F084-FE47-40C6-83C9-E1DC0C2701B8}.Release|Any CPU.Build.0 = Release|Any CPU
		{F9BD310F-CA85-47CC-A98A-BEF3699BED38}.Debug|Any CPU.ActiveCfg = Debug|Any CPU
		{F9BD310F-CA85-47CC-A98A-BEF3699BED38}.Debug|Any CPU.Build.0 = Debug|Any CPU
		{F9BD310F-CA85-47CC-A98A-BEF3699BED38}.Release|Any CPU.ActiveCfg = Release|Any CPU
		{F9BD310F-CA85-47CC-A98A-BEF3699BED38}.Release|Any CPU.Build.0 = Release|Any CPU
	EndGlobalSection
	GlobalSection(SolutionProperties) = preSolution
		HideSolutionNode = FALSE
	EndGlobalSection
	GlobalSection(ExtensibilityGlobals) = postSolution
		SolutionGuid = {1AF168C1-2D15-4BDE-8324-EEDEB761F106}
	EndGlobalSection
EndGlobal
